{
  "name": "gfogle",
  "version": "1.0.0",
  "lockfileVersion": 2,
  "requires": true,
  "packages": {
    "": {
      "name": "gfogle",
      "version": "1.0.0",
      "license": "MIT",
      "workspaces": [
        "www"
      ],
      "devDependencies": {
        "prettier": "2.7.1",
        "prettier-plugin-java": "1.6.2"
      }
    },
    "node_modules/chevrotain": {
      "version": "6.5.0",
      "dev": true,
      "license": "Apache-2.0",
      "dependencies": {
        "regexp-to-ast": "0.4.0"
      }
    },
    "node_modules/java-parser": {
      "version": "2.0.2",
      "dev": true,
      "license": "Apache-2.0",
      "dependencies": {
        "chevrotain": "6.5.0",
        "lodash": "4.17.21"
      }
    },
    "node_modules/lodash": {
      "version": "4.17.21",
      "dev": true,
      "license": "MIT"
    },
    "node_modules/prettier": {
      "version": "2.7.1",
      "dev": true,
      "license": "MIT",
      "bin": {
        "prettier": "bin-prettier.js"
      },
      "engines": {
        "node": ">=10.13.0"
      },
      "funding": {
        "url": "https://github.com/prettier/prettier?sponsor=1"
      }
    },
    "node_modules/prettier-plugin-java": {
      "version": "1.6.2",
      "dev": true,
      "license": "Apache-2.0",
      "dependencies": {
        "java-parser": "2.0.2",
        "lodash": "4.17.21",
        "prettier": "2.3.1"
      }
    },
    "node_modules/prettier-plugin-java/node_modules/prettier": {
      "version": "2.3.1",
      "dev": true,
      "license": "MIT",
      "bin": {
        "prettier": "bin-prettier.js"
      },
      "engines": {
        "node": ">=10.13.0"
      }
    },
    "node_modules/regexp-to-ast": {
      "version": "0.4.0",
      "dev": true,
      "license": "MIT"
    }
  },
  "dependencies": {
    "chevrotain": {
      "version": "6.5.0",
      "dev": true,
      "requires": {
        "regexp-to-ast": "0.4.0"
      }
    },
    "java-parser": {
      "version": "2.0.2",
      "dev": true,
      "requires": {
        "chevrotain": "6.5.0",
        "lodash": "4.17.21"
      }
    },
    "lodash": {
      "version": "4.17.21",
      "dev": true
    },
    "prettier": {
      "version": "2.7.1",
      "dev": true
    },
    "prettier-plugin-java": {
      "version": "1.6.2",
      "dev": true,
      "requires": {
        "java-parser": "2.0.2",
        "lodash": "4.17.21",
        "prettier": "2.3.1"
      },
      "dependencies": {
        "prettier": {
          "version": "2.3.1",
          "dev": true
        }
      }
    },
    "regexp-to-ast": {
      "version": "0.4.0",
      "dev": true
    }
  }
}
