{
  "name": "gfogle",
  "version": "1.0.0",
  "lockfileVersion": 2,
  "requires": true,
  "packages": {
    "": {
      "name": "gfogle",
      "version": "1.0.0",
      "license": "MIT",
      "dependencies": {
        "@vertx/core": "4.2.2",
        "@vertx/web": "4.2.4"
      },
      "devDependencies": {
        "@bazel/bazelisk": "1.10.1",
        "@bazel/buildifier": "4.2.3",
        "@bazel/ibazel": "0.15.10",
        "@es4x/create": "0.16.2",
        "@vertx/unit": "4.2.2"
      }
    },
    "node_modules/@bazel/bazelisk": {
      "version": "1.10.1",
      "resolved": "https://registry.npmjs.org/@bazel/bazelisk/-/bazelisk-1.10.1.tgz",
      "integrity": "sha512-IHszNzBO2UrUy6YtsSAsZtnU6I6qpzXGkWdEvGoMxLgJnDsEnsIYniDCUjvjU1KAP+A03eepmCHlyFcRHMSxRA==",
      "dev": true,
      "bin": {
        "bazel": "bazelisk.js",
        "bazelisk": "bazelisk.js"
      }
    },
    "node_modules/@bazel/buildifier": {
      "version": "4.2.3",
      "resolved": "https://registry.npmjs.org/@bazel/buildifier/-/buildifier-4.2.3.tgz",
      "integrity": "sha512-19GqPhxlyh376mJT6kvvNAJbRCjDj4WFjqy+sT2LAMt5THMGSES8+lwde5J1jwpud/mqrNUIRjEzVZR5A/6+BA==",
      "dev": true,
      "bin": {
        "buildifier": "buildifier.js"
      }
    },
    "node_modules/@bazel/ibazel": {
      "version": "0.15.10",
      "resolved": "https://registry.npmjs.org/@bazel/ibazel/-/ibazel-0.15.10.tgz",
      "integrity": "sha512-0v+OwCQ6fsGFa50r6MXWbUkSGuWOoZ22K4pMSdtWiL5LKFIE4kfmMmtQS+M7/ICNwk2EIYob+NRreyi/DGUz5A==",
      "dev": true,
      "bin": {
        "ibazel": "index.js"
      }
    },
    "node_modules/@es4x/create": {
      "version": "0.16.2",
      "resolved": "https://registry.npmjs.org/@es4x/create/-/create-0.16.2.tgz",
      "integrity": "sha512-B0zeSazufjxwN3FKSVzcicVV+4+7MvFQQaaXckRlkWH3CC22HZjTAw04in3PlCCuhfLnGiReeSIvIVZ8JGCG3A==",
      "dev": true,
      "bin": {
        "es4x": "bin/es4x-cli.js"
      }
    },
    "node_modules/@vertx/auth-common": {
      "version": "4.2.4",
      "resolved": "https://registry.npmjs.org/@vertx/auth-common/-/auth-common-4.2.4.tgz",
      "integrity": "sha512-Kf7dh7O7WdCxq4pnzOah3PpciXUrlSq+Dx5MojAc6R1K+Nx0/XrY8/dapgWLjsSEQ+QxB2EL9KabBI5hdYXJJQ==",
      "dependencies": {
        "@vertx/core": "4.2.4"
      }
    },
    "node_modules/@vertx/auth-common/node_modules/@vertx/core": {
      "version": "4.2.4",
      "resolved": "https://registry.npmjs.org/@vertx/core/-/core-4.2.4.tgz",
      "integrity": "sha512-2IX96Pdk0m6S3nM3nIwTgXxXcMjq4bx2Vx44sidBsBZz8IBpheMC/Amg8/2kUDaLnX87Qd8OwAHnKz0mb5C5cA=="
    },
    "node_modules/@vertx/bridge-common": {
      "version": "4.2.4",
      "resolved": "https://registry.npmjs.org/@vertx/bridge-common/-/bridge-common-4.2.4.tgz",
      "integrity": "sha512-XNb68kqwpq5gDuLZc0q3zY+NSX91yTLQm4A9g00qYnPlxtccOYjGI6vBr851KJLs3c2Sqxp9xFoLgCQYq88qPg==",
      "dependencies": {
        "@vertx/core": "4.2.4"
      }
    },
    "node_modules/@vertx/bridge-common/node_modules/@vertx/core": {
      "version": "4.2.4",
      "resolved": "https://registry.npmjs.org/@vertx/core/-/core-4.2.4.tgz",
      "integrity": "sha512-2IX96Pdk0m6S3nM3nIwTgXxXcMjq4bx2Vx44sidBsBZz8IBpheMC/Amg8/2kUDaLnX87Qd8OwAHnKz0mb5C5cA=="
    },
    "node_modules/@vertx/core": {
      "version": "4.2.2",
      "resolved": "https://registry.npmjs.org/@vertx/core/-/core-4.2.2.tgz",
      "integrity": "sha512-UjO4tPR599EnvZ1Yg1dSBF5RfzJrGbJ5SQAKf1QW6anMOm697oe87yB3YadxA4Xwr4pxnXgKJfTQq4olo7AUyA=="
    },
    "node_modules/@vertx/unit": {
      "version": "4.2.2",
      "resolved": "https://registry.npmjs.org/@vertx/unit/-/unit-4.2.2.tgz",
      "integrity": "sha512-qEtZ4lPo1RxHjmEHcBZ4wmpsq2DanvewLcgyO0YCFPzpvmscBOplyryPqr4Mmf+YOu1+6VNgDSNR5jUa4X7PuA==",
      "dev": true,
      "dependencies": {
        "@vertx/core": "4.2.2"
      }
    },
    "node_modules/@vertx/web": {
      "version": "4.2.4",
      "resolved": "https://registry.npmjs.org/@vertx/web/-/web-4.2.4.tgz",
      "integrity": "sha512-CIRIRCqa4EeuZXK+q2tF7J/6gUNqpjNz/TvAoLFoKADWDt5DdXeXTM41dIW7t/qqZKPUgPAS3v/5UigTiKLhmA==",
      "dependencies": {
        "@vertx/auth-common": "4.2.4",
        "@vertx/bridge-common": "4.2.4",
        "@vertx/core": "4.2.4",
        "@vertx/web-common": "4.2.4"
      }
    },
    "node_modules/@vertx/web-common": {
      "version": "4.2.4",
      "resolved": "https://registry.npmjs.org/@vertx/web-common/-/web-common-4.2.4.tgz",
      "integrity": "sha512-8V2OxDxorDcHVcxzy8j8VdPkr3S0tRNF9D3okbYjj8lxp0GQdzZ4IAyDwfDdjb1rm1pZhxKh9yXEOuVrTPre9w==",
      "dependencies": {
        "@vertx/core": "4.2.4"
      }
    },
    "node_modules/@vertx/web-common/node_modules/@vertx/core": {
      "version": "4.2.4",
      "resolved": "https://registry.npmjs.org/@vertx/core/-/core-4.2.4.tgz",
      "integrity": "sha512-2IX96Pdk0m6S3nM3nIwTgXxXcMjq4bx2Vx44sidBsBZz8IBpheMC/Amg8/2kUDaLnX87Qd8OwAHnKz0mb5C5cA=="
    },
    "node_modules/@vertx/web/node_modules/@vertx/core": {
      "version": "4.2.4",
      "resolved": "https://registry.npmjs.org/@vertx/core/-/core-4.2.4.tgz",
      "integrity": "sha512-2IX96Pdk0m6S3nM3nIwTgXxXcMjq4bx2Vx44sidBsBZz8IBpheMC/Amg8/2kUDaLnX87Qd8OwAHnKz0mb5C5cA=="
    }
  },
  "dependencies": {
    "@bazel/bazelisk": {
      "version": "1.10.1",
      "resolved": "https://registry.npmjs.org/@bazel/bazelisk/-/bazelisk-1.10.1.tgz",
      "integrity": "sha512-IHszNzBO2UrUy6YtsSAsZtnU6I6qpzXGkWdEvGoMxLgJnDsEnsIYniDCUjvjU1KAP+A03eepmCHlyFcRHMSxRA==",
      "dev": true
    },
    "@bazel/buildifier": {
      "version": "4.2.3",
      "resolved": "https://registry.npmjs.org/@bazel/buildifier/-/buildifier-4.2.3.tgz",
      "integrity": "sha512-19GqPhxlyh376mJT6kvvNAJbRCjDj4WFjqy+sT2LAMt5THMGSES8+lwde5J1jwpud/mqrNUIRjEzVZR5A/6+BA==",
      "dev": true
    },
    "@bazel/ibazel": {
      "version": "0.15.10",
      "resolved": "https://registry.npmjs.org/@bazel/ibazel/-/ibazel-0.15.10.tgz",
      "integrity": "sha512-0v+OwCQ6fsGFa50r6MXWbUkSGuWOoZ22K4pMSdtWiL5LKFIE4kfmMmtQS+M7/ICNwk2EIYob+NRreyi/DGUz5A==",
      "dev": true
    },
    "@es4x/create": {
      "version": "0.16.2",
      "resolved": "https://registry.npmjs.org/@es4x/create/-/create-0.16.2.tgz",
      "integrity": "sha512-B0zeSazufjxwN3FKSVzcicVV+4+7MvFQQaaXckRlkWH3CC22HZjTAw04in3PlCCuhfLnGiReeSIvIVZ8JGCG3A==",
      "dev": true
    },
    "@vertx/auth-common": {
      "version": "4.2.4",
      "resolved": "https://registry.npmjs.org/@vertx/auth-common/-/auth-common-4.2.4.tgz",
      "integrity": "sha512-Kf7dh7O7WdCxq4pnzOah3PpciXUrlSq+Dx5MojAc6R1K+Nx0/XrY8/dapgWLjsSEQ+QxB2EL9KabBI5hdYXJJQ==",
      "requires": {
        "@vertx/core": "4.2.4"
      },
      "dependencies": {
        "@vertx/core": {
          "version": "4.2.4",
          "resolved": "https://registry.npmjs.org/@vertx/core/-/core-4.2.4.tgz",
          "integrity": "sha512-2IX96Pdk0m6S3nM3nIwTgXxXcMjq4bx2Vx44sidBsBZz8IBpheMC/Amg8/2kUDaLnX87Qd8OwAHnKz0mb5C5cA=="
        }
      }
    },
    "@vertx/bridge-common": {
      "version": "4.2.4",
      "resolved": "https://registry.npmjs.org/@vertx/bridge-common/-/bridge-common-4.2.4.tgz",
      "integrity": "sha512-XNb68kqwpq5gDuLZc0q3zY+NSX91yTLQm4A9g00qYnPlxtccOYjGI6vBr851KJLs3c2Sqxp9xFoLgCQYq88qPg==",
      "requires": {
        "@vertx/core": "4.2.4"
      },
      "dependencies": {
        "@vertx/core": {
          "version": "4.2.4",
          "resolved": "https://registry.npmjs.org/@vertx/core/-/core-4.2.4.tgz",
          "integrity": "sha512-2IX96Pdk0m6S3nM3nIwTgXxXcMjq4bx2Vx44sidBsBZz8IBpheMC/Amg8/2kUDaLnX87Qd8OwAHnKz0mb5C5cA=="
        }
      }
    },
    "@vertx/core": {
      "version": "4.2.2",
      "resolved": "https://registry.npmjs.org/@vertx/core/-/core-4.2.2.tgz",
      "integrity": "sha512-UjO4tPR599EnvZ1Yg1dSBF5RfzJrGbJ5SQAKf1QW6anMOm697oe87yB3YadxA4Xwr4pxnXgKJfTQq4olo7AUyA=="
    },
    "@vertx/unit": {
      "version": "4.2.2",
      "resolved": "https://registry.npmjs.org/@vertx/unit/-/unit-4.2.2.tgz",
      "integrity": "sha512-qEtZ4lPo1RxHjmEHcBZ4wmpsq2DanvewLcgyO0YCFPzpvmscBOplyryPqr4Mmf+YOu1+6VNgDSNR5jUa4X7PuA==",
      "dev": true,
      "requires": {
        "@vertx/core": "4.2.2"
      }
    },
    "@vertx/web": {
      "version": "4.2.4",
      "resolved": "https://registry.npmjs.org/@vertx/web/-/web-4.2.4.tgz",
      "integrity": "sha512-CIRIRCqa4EeuZXK+q2tF7J/6gUNqpjNz/TvAoLFoKADWDt5DdXeXTM41dIW7t/qqZKPUgPAS3v/5UigTiKLhmA==",
      "requires": {
        "@vertx/auth-common": "4.2.4",
        "@vertx/bridge-common": "4.2.4",
        "@vertx/core": "4.2.4",
        "@vertx/web-common": "4.2.4"
      },
      "dependencies": {
        "@vertx/core": {
          "version": "4.2.4",
          "resolved": "https://registry.npmjs.org/@vertx/core/-/core-4.2.4.tgz",
          "integrity": "sha512-2IX96Pdk0m6S3nM3nIwTgXxXcMjq4bx2Vx44sidBsBZz8IBpheMC/Amg8/2kUDaLnX87Qd8OwAHnKz0mb5C5cA=="
        }
      }
    },
    "@vertx/web-common": {
      "version": "4.2.4",
      "resolved": "https://registry.npmjs.org/@vertx/web-common/-/web-common-4.2.4.tgz",
      "integrity": "sha512-8V2OxDxorDcHVcxzy8j8VdPkr3S0tRNF9D3okbYjj8lxp0GQdzZ4IAyDwfDdjb1rm1pZhxKh9yXEOuVrTPre9w==",
      "requires": {
        "@vertx/core": "4.2.4"
      },
      "dependencies": {
        "@vertx/core": {
          "version": "4.2.4",
          "resolved": "https://registry.npmjs.org/@vertx/core/-/core-4.2.4.tgz",
          "integrity": "sha512-2IX96Pdk0m6S3nM3nIwTgXxXcMjq4bx2Vx44sidBsBZz8IBpheMC/Amg8/2kUDaLnX87Qd8OwAHnKz0mb5C5cA=="
        }
      }
    }
  }
}
